PODS:
  - Alamofire (4.9.1)
  - CodableAlamofire (1.1.2):
    - Alamofire (~> 4.0)
  - ImageScrollView (1.8)
  - SDWebImage (5.6.1):
    - SDWebImage/Core (= 5.6.1)
  - SDWebImage/Core (5.6.1)
  - UIScrollView-InfiniteScroll (1.1.0)

DEPENDENCIES:
  - Alamofire (~> 4.5)
  - CodableAlamofire
  - ImageScrollView
  - SDWebImage
  - UIScrollView-InfiniteScroll (~> 1.1.0)

SPEC REPOS:
  trunk:
    - Alamofire
    - CodableAlamofire
    - ImageScrollView
    - SDWebImage
    - UIScrollView-InfiniteScroll

SPEC CHECKSUMS:
  Alamofire: 85e8a02c69d6020a0d734f6054870d7ecb75cf18
  CodableAlamofire: b7adfb2e5e980392014b4b3f3b8b62c01b9de4aa
  ImageScrollView: 82912273486297285682bdb2a806742f0d39940c
  SDWebImage: 7edb9c3ea661e77a66661f7f044de8c1b55d1120
  UIScrollView-InfiniteScroll: 3ef456bcbe759c19f510a383cff96e6647c98c98

PODFILE CHECKSUM: 943d3537b938e7f9e3d89cc7fde7eead90d4112e

COCOAPODS: 1.9.3
