// !$*UTF8*$!
{
	archiveVersion = 1;
	classes = {
	};
	objectVersion = 51;
	objects = {

/* Begin PBXBuildFile section */
		6489602F18539468B02440B4 /* Pods_flickrrecent.framework in Frameworks */ = {isa = PBXBuildFile; fileRef = 5E8CA0407A00F5D1008064EE /* Pods_flickrrecent.framework */; };
		A021960524BB89DC00C59007 /* FlickrHelper.swift in Sources */ = {isa = PBXBuildFile; fileRef = A021960424BB89DC00C59007 /* FlickrHelper.swift */; };
		A095934424BC4C2B005F74E5 /* ApiClient.swift in Sources */ = {isa = PBXBuildFile; fileRef = A095934324BC4C2B005F74E5 /* ApiClient.swift */; };
		A095934824BC4FDB005F74E5 /* FlickrResponse.swift in Sources */ = {isa = PBXBuildFile; fileRef = A095934724BC4FDB005F74E5 /* FlickrResponse.swift */; };
		A095934C24BC792A005F74E5 /* DetailController.swift in Sources */ = {isa = PBXBuildFile; fileRef = A095934B24BC792A005F74E5 /* DetailController.swift */; };
		A0A518D624BB45EF00BF19DE /* AppDelegate.swift in Sources */ = {isa = PBXBuildFile; fileRef = A0A518D524BB45EF00BF19DE /* AppDelegate.swift */; };
		A0A518DA24BB45EF00BF19DE /* ViewController.swift in Sources */ = {isa = PBXBuildFile; fileRef = A0A518D924BB45EF00BF19DE /* ViewController.swift */; };
		A0A518DD24BB45EF00BF19DE /* Main.storyboard in Resources */ = {isa = PBXBuildFile; fileRef = A0A518DB24BB45EF00BF19DE /* Main.storyboard */; };
		A0A518DF24BB45F200BF19DE /* Assets.xcassets in Resources */ = {isa = PBXBuildFile; fileRef = A0A518DE24BB45F200BF19DE /* Assets.xcassets */; };
		A0A518E224BB45F200BF19DE /* LaunchScreen.storyboard in Resources */ = {isa = PBXBuildFile; fileRef = A0A518E024BB45F200BF19DE /* LaunchScreen.storyboard */; };
		A0A518EE24BB803C00BF19DE /* FlickrCell.swift in Sources */ = {isa = PBXBuildFile; fileRef = A0A518ED24BB803C00BF19DE /* FlickrCell.swift */; };
/* End PBXBuildFile section */

/* Begin PBXFileReference section */
		5E8CA0407A00F5D1008064EE /* Pods_flickrrecent.framework */ = {isa = PBXFileReference; explicitFileType = wrapper.framework; includeInIndex = 0; path = Pods_flickrrecent.framework; sourceTree = BUILT_PRODUCTS_DIR; };
		A021960424BB89DC00C59007 /* FlickrHelper.swift */ = {isa = PBXFileReference; lastKnownFileType = sourcecode.swift; path = FlickrHelper.swift; sourceTree = "<group>"; };
		A095934324BC4C2B005F74E5 /* ApiClient.swift */ = {isa = PBXFileReference; lastKnownFileType = sourcecode.swift; path = ApiClient.swift; sourceTree = "<group>"; };
		A095934724BC4FDB005F74E5 /* FlickrResponse.swift */ = {isa = PBXFileReference; lastKnownFileType = sourcecode.swift; path = FlickrResponse.swift; sourceTree = "<group>"; };
		A095934B24BC792A005F74E5 /* DetailController.swift */ = {isa = PBXFileReference; lastKnownFileType = sourcecode.swift; path = DetailController.swift; sourceTree = "<group>"; };
		A0A518D224BB45EF00BF19DE /* flickrrecent.app */ = {isa = PBXFileReference; explicitFileType = wrapper.application; includeInIndex = 0; path = flickrrecent.app; sourceTree = BUILT_PRODUCTS_DIR; };
		A0A518D524BB45EF00BF19DE /* AppDelegate.swift */ = {isa = PBXFileReference; lastKnownFileType = sourcecode.swift; path = AppDelegate.swift; sourceTree = "<group>"; };
		A0A518D924BB45EF00BF19DE /* ViewController.swift */ = {isa = PBXFileReference; lastKnownFileType = sourcecode.swift; path = ViewController.swift; sourceTree = "<group>"; };
		A0A518DC24BB45EF00BF19DE /* Base */ = {isa = PBXFileReference; lastKnownFileType = file.storyboard; name = Base; path = Base.lproj/Main.storyboard; sourceTree = "<group>"; };
		A0A518DE24BB45F200BF19DE /* Assets.xcassets */ = {isa = PBXFileReference; lastKnownFileType = folder.assetcatalog; path = Assets.xcassets; sourceTree = "<group>"; };
		A0A518E124BB45F200BF19DE /* Base */ = {isa = PBXFileReference; lastKnownFileType = file.storyboard; name = Base; path = Base.lproj/LaunchScreen.storyboard; sourceTree = "<group>"; };
		A0A518E324BB45F200BF19DE /* Info.plist */ = {isa = PBXFileReference; lastKnownFileType = text.plist.xml; path = Info.plist; sourceTree = "<group>"; };
		A0A518ED24BB803C00BF19DE /* FlickrCell.swift */ = {isa = PBXFileReference; lastKnownFileType = sourcecode.swift; path = FlickrCell.swift; sourceTree = "<group>"; };
		BBEAD62E8EE228E54D7D51DD /* Pods-flickrrecent.debug.xcconfig */ = {isa = PBXFileReference; includeInIndex = 1; lastKnownFileType = text.xcconfig; name = "Pods-flickrrecent.debug.xcconfig"; path = "Target Support Files/Pods-flickrrecent/Pods-flickrrecent.debug.xcconfig"; sourceTree = "<group>"; };
		E3F3D77405B4F25FE5D244C9 /* Pods-flickrrecent.release.xcconfig */ = {isa = PBXFileReference; includeInIndex = 1; lastKnownFileType = text.xcconfig; name = "Pods-flickrrecent.release.xcconfig"; path = "Target Support Files/Pods-flickrrecent/Pods-flickrrecent.release.xcconfig"; sourceTree = "<group>"; };
/* End PBXFileReference section */

/* Begin PBXFrameworksBuildPhase section */
		A0A518CF24BB45EF00BF19DE /* Frameworks */ = {
			isa = PBXFrameworksBuildPhase;
			buildActionMask = 2147483647;
			files = (
				6489602F18539468B02440B4 /* Pods_flickrrecent.framework in Frameworks */,
			);
			runOnlyForDeploymentPostprocessing = 0;
		};
/* End PBXFrameworksBuildPhase section */

/* Begin PBXGroup section */
		746A353ED70A864BB187CFB3 /* Pods */ = {
			isa = PBXGroup;
			children = (
				BBEAD62E8EE228E54D7D51DD /* Pods-flickrrecent.debug.xcconfig */,
				E3F3D77405B4F25FE5D244C9 /* Pods-flickrrecent.release.xcconfig */,
			);
			path = Pods;
			sourceTree = "<group>";
		};
		A021960324BB89CA00C59007 /* Helpers */ = {
			isa = PBXGroup;
			children = (
				A021960424BB89DC00C59007 /* FlickrHelper.swift */,
				A095934324BC4C2B005F74E5 /* ApiClient.swift */,
			);
			path = Helpers;
			sourceTree = "<group>";
		};
		A095934624BC4DB8005F74E5 /* Models */ = {
			isa = PBXGroup;
			children = (
				A095934724BC4FDB005F74E5 /* FlickrResponse.swift */,
			);
			path = Models;
			sourceTree = "<group>";
		};
		A0A518C924BB45EF00BF19DE = {
			isa = PBXGroup;
			children = (
				A0A518D424BB45EF00BF19DE /* flickrrecent */,
				A0A518D324BB45EF00BF19DE /* Products */,
				746A353ED70A864BB187CFB3 /* Pods */,
				E5D33CF7DFE05B3E025681CC /* Frameworks */,
			);
			sourceTree = "<group>";
		};
		A0A518D324BB45EF00BF19DE /* Products */ = {
			isa = PBXGroup;
			children = (
				A0A518D224BB45EF00BF19DE /* flickrrecent.app */,
			);
			name = Products;
			sourceTree = "<group>";
		};
		A0A518D424BB45EF00BF19DE /* flickrrecent */ = {
			isa = PBXGroup;
			children = (
				A0A518E324BB45F200BF19DE /* Info.plist */,
				A0A518D524BB45EF00BF19DE /* AppDelegate.swift */,
				A0A518DE24BB45F200BF19DE /* Assets.xcassets */,
				A0A518EB24BB46CF00BF19DE /* Controllers */,
				A021960324BB89CA00C59007 /* Helpers */,
				A095934624BC4DB8005F74E5 /* Models */,
				A0A518EA24BB46B900BF19DE /* Storyboards */,
				A0A518EC24BB801E00BF19DE /* Views */,
			);
			path = flickrrecent;
			sourceTree = "<group>";
		};
		A0A518EA24BB46B900BF19DE /* Storyboards */ = {
			isa = PBXGroup;
			children = (
				A0A518E024BB45F200BF19DE /* LaunchScreen.storyboard */,
				A0A518DB24BB45EF00BF19DE /* Main.storyboard */,
			);
			path = Storyboards;
			sourceTree = "<group>";
		};
		A0A518EB24BB46CF00BF19DE /* Controllers */ = {
			isa = PBXGroup;
			children = (
				A0A518D924BB45EF00BF19DE /* ViewController.swift */,
				A095934B24BC792A005F74E5 /* DetailController.swift */,
			);
			path = Controllers;
			sourceTree = "<group>";
		};
		A0A518EC24BB801E00BF19DE /* Views */ = {
			isa = PBXGroup;
			children = (
				A0A518ED24BB803C00BF19DE /* FlickrCell.swift */,
			);
			path = Views;
			sourceTree = "<group>";
		};
		E5D33CF7DFE05B3E025681CC /* Frameworks */ = {
			isa = PBXGroup;
			children = (
				5E8CA0407A00F5D1008064EE /* Pods_flickrrecent.framework */,
			);
			name = Frameworks;
			sourceTree = "<group>";
		};
/* End PBXGroup section */

/* Begin PBXNativeTarget section */
		A0A518D124BB45EF00BF19DE /* flickrrecent */ = {
			isa = PBXNativeTarget;
			buildConfigurationList = A0A518E624BB45F200BF19DE /* Build configuration list for PBXNativeTarget "flickrrecent" */;
			buildPhases = (
				B3B682CD66741CF1024A49CE /* [CP] Check Pods Manifest.lock */,
				A0A518CE24BB45EF00BF19DE /* Sources */,
				A0A518CF24BB45EF00BF19DE /* Frameworks */,
				A0A518D024BB45EF00BF19DE /* Resources */,
				09268253B92168A8FD0D4E19 /* [CP] Embed Pods Frameworks */,
			);
			buildRules = (
			);
			dependencies = (
			);
			name = flickrrecent;
			productName = flickrrecent;
			productReference = A0A518D224BB45EF00BF19DE /* flickrrecent.app */;
			productType = "com.apple.product-type.application";
		};
/* End PBXNativeTarget section */

/* Begin PBXProject section */
		A0A518CA24BB45EF00BF19DE /* Project object */ = {
			isa = PBXProject;
			attributes = {
				LastSwiftUpdateCheck = 1120;
				LastUpgradeCheck = 1120;
				ORGANIZATIONNAME = "Ahmet Sancar";
				TargetAttributes = {
					A0A518D124BB45EF00BF19DE = {
						CreatedOnToolsVersion = 11.2.1;
					};
				};
			};
			buildConfigurationList = A0A518CD24BB45EF00BF19DE /* Build configuration list for PBXProject "flickrrecent" */;
			compatibilityVersion = "Xcode 9.3";
			developmentRegion = en;
			hasScannedForEncodings = 0;
			knownRegions = (
				en,
				Base,
			);
			mainGroup = A0A518C924BB45EF00BF19DE;
			productRefGroup = A0A518D324BB45EF00BF19DE /* Products */;
			projectDirPath = "";
			projectRoot = "";
			targets = (
				A0A518D124BB45EF00BF19DE /* flickrrecent */,
			);
		};
/* End PBXProject section */

/* Begin PBXResourcesBuildPhase section */
		A0A518D024BB45EF00BF19DE /* Resources */ = {
			isa = PBXResourcesBuildPhase;
			buildActionMask = 2147483647;
			files = (
				A0A518E224BB45F200BF19DE /* LaunchScreen.storyboard in Resources */,
				A0A518DF24BB45F200BF19DE /* Assets.xcassets in Resources */,
				A0A518DD24BB45EF00BF19DE /* Main.storyboard in Resources */,
			);
			runOnlyForDeploymentPostprocessing = 0;
		};
/* End PBXResourcesBuildPhase section */

/* Begin PBXShellScriptBuildPhase section */
		09268253B92168A8FD0D4E19 /* [CP] Embed Pods Frameworks */ = {
			isa = PBXShellScriptBuildPhase;
			buildActionMask = 2147483647;
			files = (
			);
			inputFileListPaths = (
				"${PODS_ROOT}/Target Support Files/Pods-flickrrecent/Pods-flickrrecent-frameworks-${CONFIGURATION}-input-files.xcfilelist",
			);
			name = "[CP] Embed Pods Frameworks";
			outputFileListPaths = (
				"${PODS_ROOT}/Target Support Files/Pods-flickrrecent/Pods-flickrrecent-frameworks-${CONFIGURATION}-output-files.xcfilelist",
			);
			runOnlyForDeploymentPostprocessing = 0;
			shellPath = /bin/sh;
			shellScript = "\"${PODS_ROOT}/Target Support Files/Pods-flickrrecent/Pods-flickrrecent-frameworks.sh\"\n";
			showEnvVarsInLog = 0;
		};
		B3B682CD66741CF1024A49CE /* [CP] Check Pods Manifest.lock */ = {
			isa = PBXShellScriptBuildPhase;
			buildActionMask = 2147483647;
			files = (
			);
			inputFileListPaths = (
			);
			inputPaths = (
				"${PODS_PODFILE_DIR_PATH}/Podfile.lock",
				"${PODS_ROOT}/Manifest.lock",
			);
			name = "[CP] Check Pods Manifest.lock";
			outputFileListPaths = (
			);
			outputPaths = (
				"$(DERIVED_FILE_DIR)/Pods-flickrrecent-checkManifestLockResult.txt",
			);
			runOnlyForDeploymentPostprocessing = 0;
			shellPath = /bin/sh;
			shellScript = "diff \"${PODS_PODFILE_DIR_PATH}/Podfile.lock\" \"${PODS_ROOT}/Manifest.lock\" > /dev/null\nif [ $? != 0 ] ; then\n    # print error to STDERR\n    echo \"error: The sandbox is not in sync with the Podfile.lock. Run 'pod install' or update your CocoaPods installation.\" >&2\n    exit 1\nfi\n# This output is used by Xcode 'outputs' to avoid re-running this script phase.\necho \"SUCCESS\" > \"${SCRIPT_OUTPUT_FILE_0}\"\n";
			showEnvVarsInLog = 0;
		};
/* End PBXShellScriptBuildPhase section */

/* Begin PBXSourcesBuildPhase section */
		A0A518CE24BB45EF00BF19DE /* Sources */ = {
			isa = PBXSourcesBuildPhase;
			buildActionMask = 2147483647;
			files = (
				A0A518EE24BB803C00BF19DE /* FlickrCell.swift in Sources */,
				A095934C24BC792A005F74E5 /* DetailController.swift in Sources */,
				A0A518DA24BB45EF00BF19DE /* ViewController.swift in Sources */,
				A021960524BB89DC00C59007 /* FlickrHelper.swift in Sources */,
				A0A518D624BB45EF00BF19DE /* AppDelegate.swift in Sources */,
				A095934424BC4C2B005F74E5 /* ApiClient.swift in Sources */,
				A095934824BC4FDB005F74E5 /* FlickrResponse.swift in Sources */,
			);
			runOnlyForDeploymentPostprocessing = 0;
		};
/* End PBXSourcesBuildPhase section */

/* Begin PBXVariantGroup section */
		A0A518DB24BB45EF00BF19DE /* Main.storyboard */ = {
			isa = PBXVariantGroup;
			children = (
				A0A518DC24BB45EF00BF19DE /* Base */,
			);
			name = Main.storyboard;
			sourceTree = "<group>";
		};
		A0A518E024BB45F200BF19DE /* LaunchScreen.storyboard */ = {
			isa = PBXVariantGroup;
			children = (
				A0A518E124BB45F200BF19DE /* Base */,
			);
			name = LaunchScreen.storyboard;
			sourceTree = "<group>";
		};
/* End PBXVariantGroup section */

/* Begin XCBuildConfiguration section */
		A0A518E424BB45F200BF19DE /* Debug */ = {
			isa = XCBuildConfiguration;
			buildSettings = {
				ALWAYS_SEARCH_USER_PATHS = NO;
				CLANG_ANALYZER_NONNULL = YES;
				CLANG_ANALYZER_NUMBER_OBJECT_CONVERSION = YES_AGGRESSIVE;
				CLANG_CXX_LANGUAGE_STANDARD = "gnu++14";
				CLANG_CXX_LIBRARY = "libc++";
				CLANG_ENABLE_MODULES = YES;
				CLANG_ENABLE_OBJC_ARC = YES;
				CLANG_ENABLE_OBJC_WEAK = YES;
				CLANG_WARN_BLOCK_CAPTURE_AUTORELEASING = YES;
				CLANG_WARN_BOOL_CONVERSION = YES;
				CLANG_WARN_COMMA = YES;
				CLANG_WARN_CONSTANT_CONVERSION = YES;
				CLANG_WARN_DEPRECATED_OBJC_IMPLEMENTATIONS = YES;
				CLANG_WARN_DIRECT_OBJC_ISA_USAGE = YES_ERROR;
				CLANG_WARN_DOCUMENTATION_COMMENTS = YES;
				CLANG_WARN_EMPTY_BODY = YES;
				CLANG_WARN_ENUM_CONVERSION = YES;
				CLANG_WARN_INFINITE_RECURSION = YES;
				CLANG_WARN_INT_CONVERSION = YES;
				CLANG_WARN_NON_LITERAL_NULL_CONVERSION = YES;
				CLANG_WARN_OBJC_IMPLICIT_RETAIN_SELF = YES;
				CLANG_WARN_OBJC_LITERAL_CONVERSION = YES;
				CLANG_WARN_OBJC_ROOT_CLASS = YES_ERROR;
				CLANG_WARN_RANGE_LOOP_ANALYSIS = YES;
				CLANG_WARN_STRICT_PROTOTYPES = YES;
				CLANG_WARN_SUSPICIOUS_MOVE = YES;
				CLANG_WARN_UNGUARDED_AVAILABILITY = YES_AGGRESSIVE;
				CLANG_WARN_UNREACHABLE_CODE = YES;
				CLANG_WARN__DUPLICATE_METHOD_MATCH = YES;
				COPY_PHASE_STRIP = NO;
				DEBUG_INFORMATION_FORMAT = dwarf;
				ENABLE_STRICT_OBJC_MSGSEND = YES;
				ENABLE_TESTABILITY = YES;
				GCC_C_LANGUAGE_STANDARD = gnu11;
				GCC_DYNAMIC_NO_PIC = NO;
				GCC_NO_COMMON_BLOCKS = YES;
				GCC_OPTIMIZATION_LEVEL = 0;
				GCC_PREPROCESSOR_DEFINITIONS = (
					"DEBUG=1",
					"$(inherited)",
				);
				GCC_WARN_64_TO_32_BIT_CONVERSION = YES;
				GCC_WARN_ABOUT_RETURN_TYPE = YES_ERROR;
				GCC_WARN_UNDECLARED_SELECTOR = YES;
				GCC_WARN_UNINITIALIZED_AUTOS = YES_AGGRESSIVE;
				GCC_WARN_UNUSED_FUNCTION = YES;
				GCC_WARN_UNUSED_VARIABLE = YES;
				IPHONEOS_DEPLOYMENT_TARGET = 13.2;
				MTL_ENABLE_DEBUG_INFO = INCLUDE_SOURCE;
				MTL_FAST_MATH = YES;
				ONLY_ACTIVE_ARCH = YES;
				SDKROOT = iphoneos;
				SWIFT_ACTIVE_COMPILATION_CONDITIONS = DEBUG;
				SWIFT_OPTIMIZATION_LEVEL = "-Onone";
			};
			name = Debug;
		};
		A0A518E524BB45F200BF19DE /* Release */ = {
			isa = XCBuildConfiguration;
			buildSettings = {
				ALWAYS_SEARCH_USER_PATHS = NO;
				CLANG_ANALYZER_NONNULL = YES;
				CLANG_ANALYZER_NUMBER_OBJECT_CONVERSION = YES_AGGRESSIVE;
				CLANG_CXX_LANGUAGE_STANDARD = "gnu++14";
				CLANG_CXX_LIBRARY = "libc++";
				CLANG_ENABLE_MODULES = YES;
				CLANG_ENABLE_OBJC_ARC = YES;
				CLANG_ENABLE_OBJC_WEAK = YES;
				CLANG_WARN_BLOCK_CAPTURE_AUTORELEASING = YES;
				CLANG_WARN_BOOL_CONVERSION = YES;
				CLANG_WARN_COMMA = YES;
				CLANG_WARN_CONSTANT_CONVERSION = YES;
				CLANG_WARN_DEPRECATED_OBJC_IMPLEMENTATIONS = YES;
				CLANG_WARN_DIRECT_OBJC_ISA_USAGE = YES_ERROR;
				CLANG_WARN_DOCUMENTATION_COMMENTS = YES;
				CLANG_WARN_EMPTY_BODY = YES;
				CLANG_WARN_ENUM_CONVERSION = YES;
				CLANG_WARN_INFINITE_RECURSION = YES;
				CLANG_WARN_INT_CONVERSION = YES;
				CLANG_WARN_NON_LITERAL_NULL_CONVERSION = YES;
				CLANG_WARN_OBJC_IMPLICIT_RETAIN_SELF = YES;
				CLANG_WARN_OBJC_LITERAL_CONVERSION = YES;
				CLANG_WARN_OBJC_ROOT_CLASS = YES_ERROR;
				CLANG_WARN_RANGE_LOOP_ANALYSIS = YES;
				CLANG_WARN_STRICT_PROTOTYPES = YES;
				CLANG_WARN_SUSPICIOUS_MOVE = YES;
				CLANG_WARN_UNGUARDED_AVAILABILITY = YES_AGGRESSIVE;
				CLANG_WARN_UNREACHABLE_CODE = YES;
				CLANG_WARN__DUPLICATE_METHOD_MATCH = YES;
				COPY_PHASE_STRIP = NO;
				DEBUG_INFORMATION_FORMAT = "dwarf-with-dsym";
				ENABLE_NS_ASSERTIONS = NO;
				ENABLE_STRICT_OBJC_MSGSEND = YES;
				GCC_C_LANGUAGE_STANDARD = gnu11;
				GCC_NO_COMMON_BLOCKS = YES;
				GCC_WARN_64_TO_32_BIT_CONVERSION = YES;
				GCC_WARN_ABOUT_RETURN_TYPE = YES_ERROR;
				GCC_WARN_UNDECLARED_SELECTOR = YES;
				GCC_WARN_UNINITIALIZED_AUTOS = YES_AGGRESSIVE;
				GCC_WARN_UNUSED_FUNCTION = YES;
				GCC_WARN_UNUSED_VARIABLE = YES;
				IPHONEOS_DEPLOYMENT_TARGET = 13.2;
				MTL_ENABLE_DEBUG_INFO = NO;
				MTL_FAST_MATH = YES;
				SDKROOT = iphoneos;
				SWIFT_COMPILATION_MODE = wholemodule;
				SWIFT_OPTIMIZATION_LEVEL = "-O";
				VALIDATE_PRODUCT = YES;
			};
			name = Release;
		};
		A0A518E724BB45F200BF19DE /* Debug */ = {
			isa = XCBuildConfiguration;
			baseConfigurationReference = BBEAD62E8EE228E54D7D51DD /* Pods-flickrrecent.debug.xcconfig */;
			buildSettings = {
				ASSETCATALOG_COMPILER_APPICON_NAME = AppIcon;
				CODE_SIGN_STYLE = Automatic;
				DEVELOPMENT_TEAM = 62K23G69E2;
				INFOPLIST_FILE = flickrrecent/Info.plist;
				LD_RUNPATH_SEARCH_PATHS = (
					"$(inherited)",
					"@executable_path/Frameworks",
				);
				PRODUCT_BUNDLE_IDENTIFIER = com.asancar.flickrrecent;
				PRODUCT_NAME = "$(TARGET_NAME)";
				SWIFT_VERSION = 5.0;
				TARGETED_DEVICE_FAMILY = "1,2";
			};
			name = Debug;
		};
		A0A518E824BB45F200BF19DE /* Release */ = {
			isa = XCBuildConfiguration;
			baseConfigurationReference = E3F3D77405B4F25FE5D244C9 /* Pods-flickrrecent.release.xcconfig */;
			buildSettings = {
				ASSETCATALOG_COMPILER_APPICON_NAME = AppIcon;
				CODE_SIGN_STYLE = Automatic;
				DEVELOPMENT_TEAM = 62K23G69E2;
				INFOPLIST_FILE = flickrrecent/Info.plist;
				LD_RUNPATH_SEARCH_PATHS = (
					"$(inherited)",
					"@executable_path/Frameworks",
				);
				PRODUCT_BUNDLE_IDENTIFIER = com.asancar.flickrrecent;
				PRODUCT_NAME = "$(TARGET_NAME)";
				SWIFT_VERSION = 5.0;
				TARGETED_DEVICE_FAMILY = "1,2";
			};
			name = Release;
		};
/* End XCBuildConfiguration section */

/* Begin XCConfigurationList section */
		A0A518CD24BB45EF00BF19DE /* Build configuration list for PBXProject "flickrrecent" */ = {
			isa = XCConfigurationList;
			buildConfigurations = (
				A0A518E424BB45F200BF19DE /* Debug */,
				A0A518E524BB45F200BF19DE /* Release */,
			);
			defaultConfigurationIsVisible = 0;
			defaultConfigurationName = Release;
		};
		A0A518E624BB45F200BF19DE /* Build configuration list for PBXNativeTarget "flickrrecent" */ = {
			isa = XCConfigurationList;
			buildConfigurations = (
				A0A518E724BB45F200BF19DE /* Debug */,
				A0A518E824BB45F200BF19DE /* Release */,
			);
			defaultConfigurationIsVisible = 0;
			defaultConfigurationName = Release;
		};
/* End XCConfigurationList section */
	};
	rootObject = A0A518CA24BB45EF00BF19DE /* Project object */;
}
